
Microsoft Visual Studio Solution File, Format Version 12.00
# Visual Studio Version 17
VisualStudioVersion = 17.14.36603.0
MinimumVisualStudioVersion = 10.0.40219.1
Project("{2150E333-8FDC-42A3-9474-1A3956D46DE8}") = ".nuget", ".nuget", "{DFA48E27-7D53-4955-A722-3D91A7119BE7}"
	ProjectSection(SolutionItems) = preProject
		.nuget\NuGet.Config = .nuget\NuGet.Config
		.nuget\NuGet.exe = .nuget\NuGet.exe
		.nuget\NuGet.targets = .nuget\NuGet.targets
	EndProjectSection
EndProject
Project("{FAE04EC0-301F-11D3-BF4B-00C04F79EFBC}") = "AbpFramework.OTel.Core", "AbpFramework.OTel.Core\AbpFramework.OTel.Core.csproj", "{28FA5331-B70A-443F-9A0F-87D03D23E744}"
EndProject
Project("{FAE04EC0-301F-11D3-BF4B-00C04F79EFBC}") = "AbpFramework.OTel.Application", "AbpFramework.OTel.Application\AbpFramework.OTel.Application.csproj", "{23EACC36-14C3-4AFC-BA44-464C52C4EFF6}"
EndProject
Project("{FAE04EC0-301F-11D3-BF4B-00C04F79EFBC}") = "AbpFramework.OTel.EntityFramework", "AbpFramework.OTel.EntityFramework\AbpFramework.OTel.EntityFramework.csproj", "{3B22DA99-7A58-4CE4-A97A-FCEB21573B28}"
EndProject
Project("{FAE04EC0-301F-11D3-BF4B-00C04F79EFBC}") = "AbpFramework.OTel.WebSpaAngular", "AbpFramework.OTel.WebSpaAngular\AbpFramework.OTel.WebSpaAngular.csproj", "{BED81F22-E8CD-41B4-BCD4-061800299886}"
EndProject
Project("{FAE04EC0-301F-11D3-BF4B-00C04F79EFBC}") = "AbpFramework.OTel.WebApi", "AbpFramework.OTel.WebApi\AbpFramework.OTel.WebApi.csproj", "{2B7CF5E1-9FAF-43D5-9E6C-6A7BC63E3A96}"
EndProject
Project("{FAE04EC0-301F-11D3-BF4B-00C04F79EFBC}") = "AbpFramework.OTel.WebMpa", "AbpFramework.OTel.WebMpa\AbpFramework.OTel.WebMpa.csproj", "{404A6D3B-AA85-4E4C-AEEE-1E5026D5F135}"
EndProject
Project("{2150E333-8FDC-42A3-9474-1A3956D46DE8}") = "Test", "Test", "{7E85C7E5-70BD-4C9D-B052-D95955F46609}"
EndProject
Project("{FAE04EC0-301F-11D3-BF4B-00C04F79EFBC}") = "AbpFramework.OTel.Tests", "Tests\AbpFramework.OTel.Tests\AbpFramework.OTel.Tests.csproj", "{C602C47E-F379-40A3-A146-4F19105B3491}"
EndProject
Project("{2150E333-8FDC-42A3-9474-1A3956D46DE8}") = "Tools", "Tools", "{7408541C-F99C-4197-B203-136115BD1CB9}"
EndProject
Project("{FAE04EC0-301F-11D3-BF4B-00C04F79EFBC}") = "AbpFramework.OTel.Migrator", "Tools\AbpFramework.OTel.Migrator\AbpFramework.OTel.Migrator.csproj", "{6F98C2F2-898A-421B-BE3D-68FE69EC0646}"
EndProject
Project("{2150E333-8FDC-42A3-9474-1A3956D46DE8}") = "Solution Items", "Solution Items", "{F098B832-C37D-4879-9068-1704AF3C3D1D}"
	ProjectSection(SolutionItems) = preProject
		..\README.md = ..\README.md
	EndProjectSection
EndProject
Project("{FAE04EC0-301F-11D3-BF4B-00C04F79EFBC}") = "AbpFramework.OTel", "AbpFramework.OTel\AbpFramework.OTel.csproj", "{F91F9D58-98D4-BE3F-87F4-708811772A8E}"
EndProject
Global
	GlobalSection(SolutionConfigurationPlatforms) = preSolution
		Debug|Any CPU = Debug|Any CPU
		Release|Any CPU = Release|Any CPU
	EndGlobalSection
	GlobalSection(ProjectConfigurationPlatforms) = postSolution
		{28FA5331-B70A-443F-9A0F-87D03D23E744}.Debug|Any CPU.ActiveCfg = Debug|Any CPU
		{28FA5331-B70A-443F-9A0F-87D03D23E744}.Debug|Any CPU.Build.0 = Debug|Any CPU
		{28FA5331-B70A-443F-9A0F-87D03D23E744}.Release|Any CPU.ActiveCfg = Release|Any CPU
		{28FA5331-B70A-443F-9A0F-87D03D23E744}.Release|Any CPU.Build.0 = Release|Any CPU
		{23EACC36-14C3-4AFC-BA44-464C52C4EFF6}.Debug|Any CPU.ActiveCfg = Debug|Any CPU
		{23EACC36-14C3-4AFC-BA44-464C52C4EFF6}.Debug|Any CPU.Build.0 = Debug|Any CPU
		{23EACC36-14C3-4AFC-BA44-464C52C4EFF6}.Release|Any CPU.ActiveCfg = Release|Any CPU
		{23EACC36-14C3-4AFC-BA44-464C52C4EFF6}.Release|Any CPU.Build.0 = Release|Any CPU
		{3B22DA99-7A58-4CE4-A97A-FCEB21573B28}.Debug|Any CPU.ActiveCfg = Debug|Any CPU
		{3B22DA99-7A58-4CE4-A97A-FCEB21573B28}.Debug|Any CPU.Build.0 = Debug|Any CPU
		{3B22DA99-7A58-4CE4-A97A-FCEB21573B28}.Release|Any CPU.ActiveCfg = Release|Any CPU
		{3B22DA99-7A58-4CE4-A97A-FCEB21573B28}.Release|Any CPU.Build.0 = Release|Any CPU
		{BED81F22-E8CD-41B4-BCD4-061800299886}.Debug|Any CPU.ActiveCfg = Debug|Any CPU
		{BED81F22-E8CD-41B4-BCD4-061800299886}.Debug|Any CPU.Build.0 = Debug|Any CPU
		{BED81F22-E8CD-41B4-BCD4-061800299886}.Release|Any CPU.ActiveCfg = Release|Any CPU
		{BED81F22-E8CD-41B4-BCD4-061800299886}.Release|Any CPU.Build.0 = Release|Any CPU
		{2B7CF5E1-9FAF-43D5-9E6C-6A7BC63E3A96}.Debug|Any CPU.ActiveCfg = Debug|Any CPU
		{2B7CF5E1-9FAF-43D5-9E6C-6A7BC63E3A96}.Debug|Any CPU.Build.0 = Debug|Any CPU
		{2B7CF5E1-9FAF-43D5-9E6C-6A7BC63E3A96}.Release|Any CPU.ActiveCfg = Release|Any CPU
		{2B7CF5E1-9FAF-43D5-9E6C-6A7BC63E3A96}.Release|Any CPU.Build.0 = Release|Any CPU
		{404A6D3B-AA85-4E4C-AEEE-1E5026D5F135}.Debug|Any CPU.ActiveCfg = Debug|Any CPU
		{404A6D3B-AA85-4E4C-AEEE-1E5026D5F135}.Debug|Any CPU.Build.0 = Debug|Any CPU
		{404A6D3B-AA85-4E4C-AEEE-1E5026D5F135}.Release|Any CPU.ActiveCfg = Release|Any CPU
		{404A6D3B-AA85-4E4C-AEEE-1E5026D5F135}.Release|Any CPU.Build.0 = Release|Any CPU
		{C602C47E-F379-40A3-A146-4F19105B3491}.Debug|Any CPU.ActiveCfg = Debug|Any CPU
		{C602C47E-F379-40A3-A146-4F19105B3491}.Debug|Any CPU.Build.0 = Debug|Any CPU
		{C602C47E-F379-40A3-A146-4F19105B3491}.Release|Any CPU.ActiveCfg = Release|Any CPU
		{C602C47E-F379-40A3-A146-4F19105B3491}.Release|Any CPU.Build.0 = Release|Any CPU
		{6F98C2F2-898A-421B-BE3D-68FE69EC0646}.Debug|Any CPU.ActiveCfg = Debug|Any CPU
		{6F98C2F2-898A-421B-BE3D-68FE69EC0646}.Debug|Any CPU.Build.0 = Debug|Any CPU
		{6F98C2F2-898A-421B-BE3D-68FE69EC0646}.Release|Any CPU.ActiveCfg = Release|Any CPU
		{6F98C2F2-898A-421B-BE3D-68FE69EC0646}.Release|Any CPU.Build.0 = Release|Any CPU
		{F91F9D58-98D4-BE3F-87F4-708811772A8E}.Debug|Any CPU.ActiveCfg = Debug|Any CPU
		{F91F9D58-98D4-BE3F-87F4-708811772A8E}.Debug|Any CPU.Build.0 = Debug|Any CPU
		{F91F9D58-98D4-BE3F-87F4-708811772A8E}.Release|Any CPU.ActiveCfg = Release|Any CPU
		{F91F9D58-98D4-BE3F-87F4-708811772A8E}.Release|Any CPU.Build.0 = Release|Any CPU
	EndGlobalSection
	GlobalSection(SolutionProperties) = preSolution
		HideSolutionNode = FALSE
	EndGlobalSection
	GlobalSection(NestedProjects) = preSolution
		{C602C47E-F379-40A3-A146-4F19105B3491} = {7E85C7E5-70BD-4C9D-B052-D95955F46609}
		{6F98C2F2-898A-421B-BE3D-68FE69EC0646} = {7408541C-F99C-4197-B203-136115BD1CB9}
	EndGlobalSection
	GlobalSection(ExtensibilityGlobals) = postSolution
		SolutionGuid = {7CE19FDB-0A3F-4AF6-AF77-844A66B53E1E}
	EndGlobalSection
EndGlobal
